// !$*UTF8*$!
{
	archiveVersion = 1;
	classes = {
	};
	objectVersion = 46;
	objects = {

/* Begin PBXBuildFile section */
		10CB2A8A1CC44924008AA6BD /* AppDelegate.swift in Sources */ = {isa = PBXBuildFile; fileRef = 10CB2A891CC44924008AA6BD /* AppDelegate.swift */; };
		10CB2A8C1CC44924008AA6BD /* ViewController.swift in Sources */ = {isa = PBXBuildFile; fileRef = 10CB2A8B1CC44924008AA6BD /* ViewController.swift */; };
		10CB2A8F1CC44924008AA6BD /* Main.storyboard in Resources */ = {isa = PBXBuildFile; fileRef = 10CB2A8D1CC44924008AA6BD /* Main.storyboard */; };
		10CB2A911CC44925008AA6BD /* Assets.xcassets in Resources */ = {isa = PBXBuildFile; fileRef = 10CB2A901CC44925008AA6BD /* Assets.xcassets */; };
		10CB2A941CC44925008AA6BD /* LaunchScreen.storyboard in Resources */ = {isa = PBXBuildFile; fileRef = 10CB2A921CC44925008AA6BD /* LaunchScreen.storyboard */; };
/* End PBXBuildFile section */

/* Begin PBXFileReference section */
		10CB2A861CC44924008AA6BD /* fightGame.app */ = {isa = PBXFileReference; explicitFileType = wrapper.application; includeInIndex = 0; path = fightGame.app; sourceTree = BUILT_PRODUCTS_DIR; };
		10CB2A891CC44924008AA6BD /* AppDelegate.swift */ = {isa = PBXFileReference; lastKnownFileType = sourcecode.swift; path = AppDelegate.swift; sourceTree = "<group>"; };
		10CB2A8B1CC44924008AA6BD /* ViewController.swift */ = {isa = PBXFileReference; lastKnownFileType = sourcecode.swift; path = ViewController.swift; sourceTree = "<group>"; };
		10CB2A8E1CC44924008AA6BD /* Base */ = {isa = PBXFileReference; lastKnownFileType = file.storyboard; name = Base; path = Base.lproj/Main.storyboard; sourceTree = "<group>"; };
		10CB2A901CC44925008AA6BD /* Assets.xcassets */ = {isa = PBXFileReference; lastKnownFileType = folder.assetcatalog; path = Assets.xcassets; sourceTree = "<group>"; };
		10CB2A931CC44925008AA6BD /* Base */ = {isa = PBXFileReference; lastKnownFileType = file.storyboard; name = Base; path = Base.lproj/LaunchScreen.storyboard; sourceTree = "<group>"; };
		10CB2A951CC44925008AA6BD /* Info.plist */ = {isa = PBXFileReference; lastKnownFileType = text.plist.xml; path = Info.plist; sourceTree = "<group>"; };
/* End PBXFileReference section */

/* Begin PBXFrameworksBuildPhase section */
		10CB2A831CC44924008AA6BD /* Frameworks */ = {
			isa = PBXFrameworksBuildPhase;
			buildActionMask = 2147483647;
			files = (
			);
			runOnlyForDeploymentPostprocessing = 0;
		};
/* End PBXFrameworksBuildPhase section */

/* Begin PBXGroup section */
		10CB2A7D1CC44924008AA6BD = {
			isa = PBXGroup;
			children = (
				10CB2A881CC44924008AA6BD /* fightGame */,
				10CB2A871CC44924008AA6BD /* Products */,
			);
			sourceTree = "<group>";
		};
		10CB2A871CC44924008AA6BD /* Products */ = {
			isa = PBXGroup;
			children = (
				10CB2A861CC44924008AA6BD /* fightGame.app */,
			);
			name = Products;
			sourceTree = "<group>";
		};
		10CB2A881CC44924008AA6BD /* fightGame */ = {
			isa = PBXGroup;
			children = (
				10CB2A891CC44924008AA6BD /* AppDelegate.swift */,
				10CB2A8B1CC44924008AA6BD /* ViewController.swift */,
				10CB2A8D1CC44924008AA6BD /* Main.storyboard */,
				10CB2A901CC44925008AA6BD /* Assets.xcassets */,
				10CB2A921CC44925008AA6BD /* LaunchScreen.storyboard */,
				10CB2A951CC44925008AA6BD /* Info.plist */,
			);
			path = fightGame;
			sourceTree = "<group>";
		};
/* End PBXGroup section */

/* Begin PBXNativeTarget section */
		10CB2A851CC44924008AA6BD /* fightGame */ = {
			isa = PBXNativeTarget;
			buildConfigurationList = 10CB2A981CC44925008AA6BD /* Build configuration list for PBXNativeTarget "fightGame" */;
			buildPhases = (
				10CB2A821CC44924008AA6BD /* Sources */,
				10CB2A831CC44924008AA6BD /* Frameworks */,
				10CB2A841CC44924008AA6BD /* Resources */,
			);
			buildRules = (
			);
			dependencies = (
			);
			name = fightGame;
			productName = fightGame;
			productReference = 10CB2A861CC44924008AA6BD /* fightGame.app */;
			productType = "com.apple.product-type.application";
		};
/* End PBXNativeTarget section */

/* Begin PBXProject section */
		10CB2A7E1CC44924008AA6BD /* Project object */ = {
			isa = PBXProject;
			attributes = {
				LastSwiftUpdateCheck = 0730;
				LastUpgradeCheck = 0730;
				ORGANIZATIONNAME = "rohit FNU";
				TargetAttributes = {
					10CB2A851CC44924008AA6BD = {
						CreatedOnToolsVersion = 7.3;
					};
				};
			};
			buildConfigurationList = 10CB2A811CC44924008AA6BD /* Build configuration list for PBXProject "fightGame" */;
			compatibilityVersion = "Xcode 3.2";
			developmentRegion = English;
			hasScannedForEncodings = 0;
			knownRegions = (
				en,
				Base,
			);
			mainGroup = 10CB2A7D1CC44924008AA6BD;
			productRefGroup = 10CB2A871CC44924008AA6BD /* Products */;
			projectDirPath = "";
			projectRoot = "";
			targets = (
				10CB2A851CC44924008AA6BD /* fightGame */,
			);
		};
/* End PBXProject section */

/* Begin PBXResourcesBuildPhase section */
		10CB2A841CC44924008AA6BD /* Resources */ = {
			isa = PBXResourcesBuildPhase;
			buildActionMask = 2147483647;
			files = (
				10CB2A941CC44925008AA6BD /* LaunchScreen.storyboard in Resources */,
				10CB2A911CC44925008AA6BD /* Assets.xcassets in Resources */,
				10CB2A8F1CC44924008AA6BD /* Main.storyboard in Resources */,
			);
			runOnlyForDeploymentPostprocessing = 0;
		};
/* End PBXResourcesBuildPhase section */

/* Begin PBXSourcesBuildPhase section */
		10CB2A821CC44924008AA6BD /* Sources */ = {
			isa = PBXSourcesBuildPhase;
			buildActionMask = 2147483647;
			files = (
				10CB2A8C1CC44924008AA6BD /* ViewController.swift in Sources */,
				10CB2A8A1CC44924008AA6BD /* AppDelegate.swift in Sources */,
			);
			runOnlyForDeploymentPostprocessing = 0;
		};
/* End PBXSourcesBuildPhase section */

/* Begin PBXVariantGroup section */
		10CB2A8D1CC44924008AA6BD /* Main.storyboard */ = {
			isa = PBXVariantGroup;
			children = (
				10CB2A8E1CC44924008AA6BD /* Base */,
			);
			name = Main.storyboard;
			sourceTree = "<group>";
		};
		10CB2A921CC44925008AA6BD /* LaunchScreen.storyboard */ = {
			isa = PBXVariantGroup;
			children = (
				10CB2A931CC44925008AA6BD /* Base */,
			);
			name = LaunchScreen.storyboard;
			sourceTree = "<group>";
		};
/* End PBXVariantGroup section */

/* Begin XCBuildConfiguration section */
		10CB2A961CC44925008AA6BD /* Debug */ = {
			isa = XCBuildConfiguration;
			buildSettings = {
				ALWAYS_SEARCH_USER_PATHS = NO;
				CLANG_ANALYZER_NONNULL = YES;
				CLANG_CXX_LANGUAGE_STANDARD = "gnu++0x";
				CLANG_CXX_LIBRARY = "libc++";
				CLANG_ENABLE_MODULES = YES;
				CLANG_ENABLE_OBJC_ARC = YES;
				CLANG_WARN_BOOL_CONVERSION = YES;
				CLANG_WARN_CONSTANT_CONVERSION = YES;
				CLANG_WARN_DIRECT_OBJC_ISA_USAGE = YES_ERROR;
				CLANG_WARN_EMPTY_BODY = YES;
				CLANG_WARN_ENUM_CONVERSION = YES;
				CLANG_WARN_INT_CONVERSION = YES;
				CLANG_WARN_OBJC_ROOT_CLASS = YES_ERROR;
				CLANG_WARN_UNREACHABLE_CODE = YES;
				CLANG_WARN__DUPLICATE_METHOD_MATCH = YES;
				"CODE_SIGN_IDENTITY[sdk=iphoneos*]" = "iPhone Developer";
				COPY_PHASE_STRIP = NO;
				DEBUG_INFORMATION_FORMAT = dwarf;
				ENABLE_STRICT_OBJC_MSGSEND = YES;
				ENABLE_TESTABILITY = YES;
				GCC_C_LANGUAGE_STANDARD = gnu99;
				GCC_DYNAMIC_NO_PIC = NO;
				GCC_NO_COMMON_BLOCKS = YES;
				GCC_OPTIMIZATION_LEVEL = 0;
				GCC_PREPROCESSOR_DEFINITIONS = (
					"DEBUG=1",
					"$(inherited)",
				);
				GCC_WARN_64_TO_32_BIT_CONVERSION = YES;
				GCC_WARN_ABOUT_RETURN_TYPE = YES_ERROR;
				GCC_WARN_UNDECLARED_SELECTOR = YES;
				GCC_WARN_UNINITIALIZED_AUTOS = YES_AGGRESSIVE;
				GCC_WARN_UNUSED_FUNCTION = YES;
				GCC_WARN_UNUSED_VARIABLE = YES;
				IPHONEOS_DEPLOYMENT_TARGET = 9.3;
				MTL_ENABLE_DEBUG_INFO = YES;
				ONLY_ACTIVE_ARCH = YES;
				SDKROOT = iphoneos;
				SWIFT_OPTIMIZATION_LEVEL = "-Onone";
			};
			name = Debug;
		};
		10CB2A971CC44925008AA6BD /* Release */ = {
			isa = XCBuildConfiguration;
			buildSettings = {
				ALWAYS_SEARCH_USER_PATHS = NO;
				CLANG_ANALYZER_NONNULL = YES;
				CLANG_CXX_LANGUAGE_STANDARD = "gnu++0x";
				CLANG_CXX_LIBRARY = "libc++";
				CLANG_ENABLE_MODULES = YES;
				CLANG_ENABLE_OBJC_ARC = YES;
				CLANG_WARN_BOOL_CONVERSION = YES;
				CLANG_WARN_CONSTANT_CONVERSION = YES;
				CLANG_WARN_DIRECT_OBJC_ISA_USAGE = YES_ERROR;
				CLANG_WARN_EMPTY_BODY = YES;
				CLANG_WARN_ENUM_CONVERSION = YES;
				CLANG_WARN_INT_CONVERSION = YES;
				CLANG_WARN_OBJC_ROOT_CLASS = YES_ERROR;
				CLANG_WARN_UNREACHABLE_CODE = YES;
				CLANG_WARN__DUPLICATE_METHOD_MATCH = YES;
				"CODE_SIGN_IDENTITY[sdk=iphoneos*]" = "iPhone Developer";
				COPY_PHASE_STRIP = NO;
				DEBUG_INFORMATION_FORMAT = "dwarf-with-dsym";
				ENABLE_NS_ASSERTIONS = NO;
				ENABLE_STRICT_OBJC_MSGSEND = YES;
				GCC_C_LANGUAGE_STANDARD = gnu99;
				GCC_NO_COMMON_BLOCKS = YES;
				GCC_WARN_64_TO_32_BIT_CONVERSION = YES;
				GCC_WARN_ABOUT_RETURN_TYPE = YES_ERROR;
				GCC_WARN_UNDECLARED_SELECTOR = YES;
				GCC_WARN_UNINITIALIZED_AUTOS = YES_AGGRESSIVE;
				GCC_WARN_UNUSED_FUNCTION = YES;
				GCC_WARN_UNUSED_VARIABLE = YES;
				IPHONEOS_DEPLOYMENT_TARGET = 9.3;
				MTL_ENABLE_DEBUG_INFO = NO;
				SDKROOT = iphoneos;
				VALIDATE_PRODUCT = YES;
			};
			name = Release;
		};
		10CB2A991CC44925008AA6BD /* Debug */ = {
			isa = XCBuildConfiguration;
			buildSettings = {
				ASSETCATALOG_COMPILER_APPICON_NAME = AppIcon;
				INFOPLIST_FILE = fightGame/Info.plist;
				LD_RUNPATH_SEARCH_PATHS = "$(inherited) @executable_path/Frameworks";
				PRODUCT_BUNDLE_IDENTIFIER = rohit.fightGame;
				PRODUCT_NAME = "$(TARGET_NAME)";
			};
			name = Debug;
		};
		10CB2A9A1CC44925008AA6BD /* Release */ = {
			isa = XCBuildConfiguration;
			buildSettings = {
				ASSETCATALOG_COMPILER_APPICON_NAME = AppIcon;
				INFOPLIST_FILE = fightGame/Info.plist;
				LD_RUNPATH_SEARCH_PATHS = "$(inherited) @executable_path/Frameworks";
				PRODUCT_BUNDLE_IDENTIFIER = rohit.fightGame;
				PRODUCT_NAME = "$(TARGET_NAME)";
			};
			name = Release;
		};
/* End XCBuildConfiguration section */

/* Begin XCConfigurationList section */
		10CB2A811CC44924008AA6BD /* Build configuration list for PBXProject "fightGame" */ = {
			isa = XCConfigurationList;
			buildConfigurations = (
				10CB2A961CC44925008AA6BD /* Debug */,
				10CB2A971CC44925008AA6BD /* Release */,
			);
			defaultConfigurationIsVisible = 0;
			defaultConfigurationName = Release;
		};
		10CB2A981CC44925008AA6BD /* Build configuration list for PBXNativeTarget "fightGame" */ = {
			isa = XCConfigurationList;
			buildConfigurations = (
				10CB2A991CC44925008AA6BD /* Debug */,
				10CB2A9A1CC44925008AA6BD /* Release */,
			);
			defaultConfigurationIsVisible = 0;
		};
/* End XCConfigurationList section */
	};
	rootObject = 10CB2A7E1CC44924008AA6BD /* Project object */;
}
